
Microsoft Visual Studio Solution File, Format Version 12.00
# Visual Studio Version 16
VisualStudioVersion = 16.0.32002.261
MinimumVisualStudioVersion = 10.0.40219.1
Project("{FAE04EC0-301F-11D3-BF4B-00C04F79EFBC}") = "green-n-blue", "green-n-blue\green-n-blue.csproj", "{67B71C83-DCE2-4D24-B4E2-494DBA916075}"
EndProject
Global
	GlobalSection(SolutionConfigurationPlatforms) = preSolution
		Debug|Any CPU = Debug|Any CPU
		Release|Any CPU = Release|Any CPU
	EndGlobalSection
	GlobalSection(ProjectConfigurationPlatforms) = postSolution
		{67B71C83-DCE2-4D24-B4E2-494DBA916075}.Debug|Any CPU.ActiveCfg = Debug|Any CPU
		{67B71C83-DCE2-4D24-B4E2-494DBA916075}.Debug|Any CPU.Build.0 = Debug|Any CPU
		{67B71C83-DCE2-4D24-B4E2-494DBA916075}.Release|Any CPU.ActiveCfg = Release|Any CPU
		{67B71C83-DCE2-4D24-B4E2-494DBA916075}.Release|Any CPU.Build.0 = Release|Any CPU
	EndGlobalSection
	GlobalSection(SolutionProperties) = preSolution
		HideSolutionNode = FALSE
	EndGlobalSection
	GlobalSection(ExtensibilityGlobals) = postSolution
		SolutionGuid = {FDE4328C-6BB5-4E23-9604-7DAACDF8F9D1}
	EndGlobalSection
EndGlobal
